
Microsoft Visual Studio Solution File, Format Version 12.00
# Visual Studio Version 17
VisualStudioVersion = 17.9.34728.123
MinimumVisualStudioVersion = 10.0.40219.1
Project("{FAE04EC0-301F-11D3-BF4B-00C04F79EFBC}") = "Aula2API", "Aula2API\Aula2API.csproj", "{17E252FF-6161-4C82-AED0-D17473359DF9}"
EndProject
Project("{FAE04EC0-301F-11D3-BF4B-00C04F79EFBC}") = "ModelsClassLibrary", "ModelsClassLibrary\ModelsClassLibrary.csproj", "{CDF349AB-63D0-4905-8DF3-F09374165A24}"
EndProject
Project("{FAE04EC0-301F-11D3-BF4B-00C04F79EFBC}") = "Controllers", "Controllers\Controllers.csproj", "{B0A4954D-E140-4B4A-8BB6-02461A79A455}"
EndProject
Project("{FAE04EC0-301F-11D3-BF4B-00C04F79EFBC}") = "Services", "Services\Services.csproj", "{02B17929-C98D-4D22-B1F8-E5523B240063}"
EndProject
Project("{FAE04EC0-301F-11D3-BF4B-00C04F79EFBC}") = "Repositories", "Repositories\Repositories.csproj", "{C4BF2EAA-0022-44A3-BA91-8A2E6C29385B}"
EndProject
Global
	GlobalSection(SolutionConfigurationPlatforms) = preSolution
		Debug|Any CPU = Debug|Any CPU
		Release|Any CPU = Release|Any CPU
	EndGlobalSection
	GlobalSection(ProjectConfigurationPlatforms) = postSolution
		{17E252FF-6161-4C82-AED0-D17473359DF9}.Debug|Any CPU.ActiveCfg = Debug|Any CPU
		{17E252FF-6161-4C82-AED0-D17473359DF9}.Debug|Any CPU.Build.0 = Debug|Any CPU
		{17E252FF-6161-4C82-AED0-D17473359DF9}.Release|Any CPU.ActiveCfg = Release|Any CPU
		{17E252FF-6161-4C82-AED0-D17473359DF9}.Release|Any CPU.Build.0 = Release|Any CPU
		{CDF349AB-63D0-4905-8DF3-F09374165A24}.Debug|Any CPU.ActiveCfg = Debug|Any CPU
		{CDF349AB-63D0-4905-8DF3-F09374165A24}.Debug|Any CPU.Build.0 = Debug|Any CPU
		{CDF349AB-63D0-4905-8DF3-F09374165A24}.Release|Any CPU.ActiveCfg = Release|Any CPU
		{CDF349AB-63D0-4905-8DF3-F09374165A24}.Release|Any CPU.Build.0 = Release|Any CPU
		{B0A4954D-E140-4B4A-8BB6-02461A79A455}.Debug|Any CPU.ActiveCfg = Debug|Any CPU
		{B0A4954D-E140-4B4A-8BB6-02461A79A455}.Debug|Any CPU.Build.0 = Debug|Any CPU
		{B0A4954D-E140-4B4A-8BB6-02461A79A455}.Release|Any CPU.ActiveCfg = Release|Any CPU
		{B0A4954D-E140-4B4A-8BB6-02461A79A455}.Release|Any CPU.Build.0 = Release|Any CPU
		{02B17929-C98D-4D22-B1F8-E5523B240063}.Debug|Any CPU.ActiveCfg = Debug|Any CPU
		{02B17929-C98D-4D22-B1F8-E5523B240063}.Debug|Any CPU.Build.0 = Debug|Any CPU
		{02B17929-C98D-4D22-B1F8-E5523B240063}.Release|Any CPU.ActiveCfg = Release|Any CPU
		{02B17929-C98D-4D22-B1F8-E5523B240063}.Release|Any CPU.Build.0 = Release|Any CPU
		{C4BF2EAA-0022-44A3-BA91-8A2E6C29385B}.Debug|Any CPU.ActiveCfg = Debug|Any CPU
		{C4BF2EAA-0022-44A3-BA91-8A2E6C29385B}.Debug|Any CPU.Build.0 = Debug|Any CPU
		{C4BF2EAA-0022-44A3-BA91-8A2E6C29385B}.Release|Any CPU.ActiveCfg = Release|Any CPU
		{C4BF2EAA-0022-44A3-BA91-8A2E6C29385B}.Release|Any CPU.Build.0 = Release|Any CPU
	EndGlobalSection
	GlobalSection(SolutionProperties) = preSolution
		HideSolutionNode = FALSE
	EndGlobalSection
	GlobalSection(ExtensibilityGlobals) = postSolution
		SolutionGuid = {1D8DAFEE-E11F-443F-B3BE-15210D998D05}
	EndGlobalSection
EndGlobal
